{
  "requires": true,
  "lockfileVersion": 1,
  "dependencies": {
    "findandreplacedomtext": {
      "version": "0.4.6",
      "resolved": "https://registry.npmjs.org/findandreplacedomtext/-/findandreplacedomtext-0.4.6.tgz",
      "integrity": "sha512-CVRIKbEwfWoKTSnLrmyX26WjMY7o0aUUTm0RXN47fF/eHINJa8C+YHZxGagC7gMWVaAEBFwH7uVXuhwZcylWOQ=="
    }
  }
}
